
Microsoft Visual Studio Solution File, Format Version 12.00
# Visual Studio Version 17
VisualStudioVersion = 17.11.35219.272
MinimumVisualStudioVersion = 10.0.40219.1
Project("{FAE04EC0-301F-11D3-BF4B-00C04F79EFBC}") = "AutoServices", "AutoServices\AutoServices.csproj", "{A8CCD4DB-C150-4975-8A1F-D36E4E824FDC}"
EndProject
Global
	GlobalSection(SolutionConfigurationPlatforms) = preSolution
		Debug|Any CPU = Debug|Any CPU
		Release|Any CPU = Release|Any CPU
	EndGlobalSection
	GlobalSection(ProjectConfigurationPlatforms) = postSolution
		{A8CCD4DB-C150-4975-8A1F-D36E4E824FDC}.Debug|Any CPU.ActiveCfg = Debug|Any CPU
		{A8CCD4DB-C150-4975-8A1F-D36E4E824FDC}.Debug|Any CPU.Build.0 = Debug|Any CPU
		{A8CCD4DB-C150-4975-8A1F-D36E4E824FDC}.Release|Any CPU.ActiveCfg = Release|Any CPU
		{A8CCD4DB-C150-4975-8A1F-D36E4E824FDC}.Release|Any CPU.Build.0 = Release|Any CPU
	EndGlobalSection
	GlobalSection(SolutionProperties) = preSolution
		HideSolutionNode = FALSE
	EndGlobalSection
	GlobalSection(ExtensibilityGlobals) = postSolution
		SolutionGuid = {E19A022E-0BA6-4796-82AB-55A5492990A8}
	EndGlobalSection
EndGlobal
